
Microsoft Visual Studio Solution File, Format Version 12.00
# Visual Studio Version 16
VisualStudioVersion = 16.0.30621.155
MinimumVisualStudioVersion = 10.0.40219.1
Project("{8BC9CEB8-8B4A-11D0-8D11-00A0C91BC942}") = "menu7", "menu7\menu7.vcxproj", "{B547D869-0883-4515-AF9A-42F6560CC306}"
EndProject
Global
	GlobalSection(SolutionConfigurationPlatforms) = preSolution
		Debug|x64 = Debug|x64
		Debug|x86 = Debug|x86
		Release|x64 = Release|x64
		Release|x86 = Release|x86
	EndGlobalSection
	GlobalSection(ProjectConfigurationPlatforms) = postSolution
		{B547D869-0883-4515-AF9A-42F6560CC306}.Debug|x64.ActiveCfg = Debug|x64
		{B547D869-0883-4515-AF9A-42F6560CC306}.Debug|x64.Build.0 = Debug|x64
		{B547D869-0883-4515-AF9A-42F6560CC306}.Debug|x86.ActiveCfg = Debug|Win32
		{B547D869-0883-4515-AF9A-42F6560CC306}.Debug|x86.Build.0 = Debug|Win32
		{B547D869-0883-4515-AF9A-42F6560CC306}.Release|x64.ActiveCfg = Release|x64
		{B547D869-0883-4515-AF9A-42F6560CC306}.Release|x64.Build.0 = Release|x64
		{B547D869-0883-4515-AF9A-42F6560CC306}.Release|x86.ActiveCfg = Release|Win32
		{B547D869-0883-4515-AF9A-42F6560CC306}.Release|x86.Build.0 = Release|Win32
	EndGlobalSection
	GlobalSection(SolutionProperties) = preSolution
		HideSolutionNode = FALSE
	EndGlobalSection
	GlobalSection(ExtensibilityGlobals) = postSolution
		SolutionGuid = {1B7E109B-47BB-485D-B942-B28DAFECC9D9}
	EndGlobalSection
EndGlobal
