
Microsoft Visual Studio Solution File, Format Version 12.00
# Visual Studio Version 16
VisualStudioVersion = 16.0.30503.244
MinimumVisualStudioVersion = 10.0.40219.1
Project("{8BC9CEB8-8B4A-11D0-8D11-00A0C91BC942}") = "date", "date\date.vcxproj", "{8A130447-594E-4C0F-A4A0-F9E20FD255EC}"
EndProject
Global
	GlobalSection(SolutionConfigurationPlatforms) = preSolution
		Debug|x64 = Debug|x64
		Debug|x86 = Debug|x86
		Release|x64 = Release|x64
		Release|x86 = Release|x86
	EndGlobalSection
	GlobalSection(ProjectConfigurationPlatforms) = postSolution
		{8A130447-594E-4C0F-A4A0-F9E20FD255EC}.Debug|x64.ActiveCfg = Debug|x64
		{8A130447-594E-4C0F-A4A0-F9E20FD255EC}.Debug|x64.Build.0 = Debug|x64
		{8A130447-594E-4C0F-A4A0-F9E20FD255EC}.Debug|x86.ActiveCfg = Debug|Win32
		{8A130447-594E-4C0F-A4A0-F9E20FD255EC}.Debug|x86.Build.0 = Debug|Win32
		{8A130447-594E-4C0F-A4A0-F9E20FD255EC}.Release|x64.ActiveCfg = Release|x64
		{8A130447-594E-4C0F-A4A0-F9E20FD255EC}.Release|x64.Build.0 = Release|x64
		{8A130447-594E-4C0F-A4A0-F9E20FD255EC}.Release|x86.ActiveCfg = Release|Win32
		{8A130447-594E-4C0F-A4A0-F9E20FD255EC}.Release|x86.Build.0 = Release|Win32
	EndGlobalSection
	GlobalSection(SolutionProperties) = preSolution
		HideSolutionNode = FALSE
	EndGlobalSection
	GlobalSection(ExtensibilityGlobals) = postSolution
		SolutionGuid = {840BBE47-14E8-4A6F-B295-6E58EE1CE6F3}
	EndGlobalSection
EndGlobal
